
Microsoft Visual Studio Solution File, Format Version 11.00
# Visual Studio 2010
Project("{8BC9CEB8-8B4A-11D0-8D11-00A0C91BC942}") = "CapScreenAndAudio", "CapScreenAndAudio\CapScreenAndAudio.vcxproj", "{31B5477C-A42E-4D5F-B953-4758C81F50EB}"
EndProject
Global
	GlobalSection(SolutionConfigurationPlatforms) = preSolution
		Debug|Win32 = Debug|Win32
		Release|Win32 = Release|Win32
	EndGlobalSection
	GlobalSection(ProjectConfigurationPlatforms) = postSolution
		{31B5477C-A42E-4D5F-B953-4758C81F50EB}.Debug|Win32.ActiveCfg = Debug|Win32
		{31B5477C-A42E-4D5F-B953-4758C81F50EB}.Debug|Win32.Build.0 = Debug|Win32
		{31B5477C-A42E-4D5F-B953-4758C81F50EB}.Release|Win32.ActiveCfg = Release|Win32
		{31B5477C-A42E-4D5F-B953-4758C81F50EB}.Release|Win32.Build.0 = Release|Win32
	EndGlobalSection
	GlobalSection(SolutionProperties) = preSolution
		HideSolutionNode = FALSE
	EndGlobalSection
EndGlobal
